{
  "name": "fable-audit",
  "version": "0.1.0",
  "lockfileVersion": 3,
  "requires": true,
  "packages": {
    "": {
      "name": "fable-audit",
      "version": "0.1.0",
      "license": "MIT",
      "dependencies": {
        "oh-my-fable": "file:../oh-my-fable"
      },
      "bin": {
        "fable-audit": "bin/fable-audit.mjs"
      },
      "engines": {
        "node": ">=18"
      }
    },
    "../oh-my-fable": {
      "version": "0.4.1",
      "license": "MIT",
      "bin": {
        "oh-my-fable": "dist/cli.js",
        "omf": "dist/cli.js"
      },
      "devDependencies": {
        "@types/node": "^22.10.0",
        "tsup": "^8.3.5",
        "typescript": "^5.7.2",
        "vitest": "^2.1.8"
      },
      "engines": {
        "node": ">=18"
      }
    },
    "node_modules/oh-my-fable": {
      "resolved": "../oh-my-fable",
      "link": true
    }
  }
}
