{
  "name": "fable-audit",
  "version": "0.1.0",
  "lockfileVersion": 3,
  "requires": true,
  "packages": {
    "": {
      "name": "fable-audit",
      "version": "0.1.0",
      "license": "MIT",
      "dependencies": {
        "oh-my-fable": "^0.4.2"
      },
      "bin": {
        "fable-audit": "bin/fable-audit.mjs"
      },
      "engines": {
        "node": ">=18"
      }
    },
    "node_modules/oh-my-fable": {
      "version": "0.4.2",
      "resolved": "https://registry.npmjs.org/oh-my-fable/-/oh-my-fable-0.4.2.tgz",
      "integrity": "sha512-/UYI4roiPFsD3dbDJBA+73M4RDLhXF79dbZPEPvc/g1Cf3pKENJsP6XLMqZacN/diAly8v47JEw+viXXMqoLIA==",
      "license": "MIT",
      "bin": {
        "oh-my-fable": "dist/cli.js",
        "omf": "dist/cli.js"
      },
      "engines": {
        "node": ">=18"
      }
    }
  }
}
