{
  "name": "fable-audit",
  "version": "0.1.0",
  "lockfileVersion": 3,
  "requires": true,
  "packages": {
    "": {
      "name": "fable-audit",
      "version": "0.1.0",
      "license": "MIT",
      "dependencies": {
        "oh-my-fable": "^0.4.3"
      },
      "bin": {
        "fable-audit": "bin/fable-audit.mjs"
      },
      "engines": {
        "node": ">=18"
      }
    },
    "node_modules/oh-my-fable": {
      "version": "0.4.3",
      "resolved": "https://registry.npmjs.org/oh-my-fable/-/oh-my-fable-0.4.3.tgz",
      "integrity": "sha512-ktYfc7JvEG948Is+0swWEgPVDaqKJFSHUVdKYcssaVBVwuvZz42yc4LWS0Fsdo7G551WUJfIBf1lFqjAcPMRxA==",
      "license": "MIT",
      "bin": {
        "oh-my-fable": "dist/cli.js",
        "omf": "dist/cli.js"
      },
      "engines": {
        "node": ">=18"
      }
    }
  }
}
